
Microsoft Visual Studio Solution File, Format Version 12.00
# Visual Studio Version 17
VisualStudioVersion = 17.5.33516.290
MinimumVisualStudioVersion = 10.0.40219.1
Project("{FAE04EC0-301F-11D3-BF4B-00C04F79EFBC}") = "Fundamentos.Switch", "Fundamentos.Switch\Fundamentos.Switch.csproj", "{CF8AD0AB-EB40-4A3E-A1A8-CD966C139EBF}"
EndProject
Global
	GlobalSection(SolutionConfigurationPlatforms) = preSolution
		Debug|Any CPU = Debug|Any CPU
		Release|Any CPU = Release|Any CPU
	EndGlobalSection
	GlobalSection(ProjectConfigurationPlatforms) = postSolution
		{CF8AD0AB-EB40-4A3E-A1A8-CD966C139EBF}.Debug|Any CPU.ActiveCfg = Debug|Any CPU
		{CF8AD0AB-EB40-4A3E-A1A8-CD966C139EBF}.Debug|Any CPU.Build.0 = Debug|Any CPU
		{CF8AD0AB-EB40-4A3E-A1A8-CD966C139EBF}.Release|Any CPU.ActiveCfg = Release|Any CPU
		{CF8AD0AB-EB40-4A3E-A1A8-CD966C139EBF}.Release|Any CPU.Build.0 = Release|Any CPU
	EndGlobalSection
	GlobalSection(SolutionProperties) = preSolution
		HideSolutionNode = FALSE
	EndGlobalSection
	GlobalSection(ExtensibilityGlobals) = postSolution
		SolutionGuid = {8743546B-B4AF-428B-8CD4-F3049A22DE8E}
	EndGlobalSection
EndGlobal
